// !$*UTF8*$!
{
	archiveVersion = 1;
	classes = {
	};
	objectVersion = 48;
	objects = {

/* Begin PBXBuildFile section */
		EF1556401FB2A16700ADBEF5 /* AppDelegate.swift in Sources */ = {isa = PBXBuildFile; fileRef = EF15563F1FB2A16700ADBEF5 /* AppDelegate.swift */; };
		EF1556421FB2A16700ADBEF5 /* MSLocationViewController.swift in Sources */ = {isa = PBXBuildFile; fileRef = EF1556411FB2A16700ADBEF5 /* MSLocationViewController.swift */; };
		EF1556451FB2A16700ADBEF5 /* Main.storyboard in Resources */ = {isa = PBXBuildFile; fileRef = EF1556431FB2A16700ADBEF5 /* Main.storyboard */; };
		EF1556471FB2A16700ADBEF5 /* Assets.xcassets in Resources */ = {isa = PBXBuildFile; fileRef = EF1556461FB2A16700ADBEF5 /* Assets.xcassets */; };
		EF15564A1FB2A16700ADBEF5 /* LaunchScreen.storyboard in Resources */ = {isa = PBXBuildFile; fileRef = EF1556481FB2A16700ADBEF5 /* LaunchScreen.storyboard */; };
		EF1556581FB2A43A00ADBEF5 /* MSLocationTableViewCell.swift in Sources */ = {isa = PBXBuildFile; fileRef = EF1556561FB2A43A00ADBEF5 /* MSLocationTableViewCell.swift */; };
		EF1556591FB2A43A00ADBEF5 /* MSLocationTableViewCell.xib in Resources */ = {isa = PBXBuildFile; fileRef = EF1556571FB2A43A00ADBEF5 /* MSLocationTableViewCell.xib */; };
		EF15565B1FB2A46900ADBEF5 /* MSNearbyLocation.swift in Sources */ = {isa = PBXBuildFile; fileRef = EF15565A1FB2A46900ADBEF5 /* MSNearbyLocation.swift */; };
		EF15565D1FB2A48800ADBEF5 /* MSNearbyLocationDataService.swift in Sources */ = {isa = PBXBuildFile; fileRef = EF15565C1FB2A48800ADBEF5 /* MSNearbyLocationDataService.swift */; };
		EF15565F1FB2A4B700ADBEF5 /* CoreLocation.framework in Frameworks */ = {isa = PBXBuildFile; fileRef = EF15565E1FB2A4B700ADBEF5 /* CoreLocation.framework */; };
/* End PBXBuildFile section */

/* Begin PBXFileReference section */
		EF15563C1FB2A16700ADBEF5 /* MSNearByLocation.app */ = {isa = PBXFileReference; explicitFileType = wrapper.application; includeInIndex = 0; path = MSNearByLocation.app; sourceTree = BUILT_PRODUCTS_DIR; };
		EF15563F1FB2A16700ADBEF5 /* AppDelegate.swift */ = {isa = PBXFileReference; lastKnownFileType = sourcecode.swift; path = AppDelegate.swift; sourceTree = "<group>"; };
		EF1556411FB2A16700ADBEF5 /* MSLocationViewController.swift */ = {isa = PBXFileReference; lastKnownFileType = sourcecode.swift; path = MSLocationViewController.swift; sourceTree = "<group>"; };
		EF1556441FB2A16700ADBEF5 /* Base */ = {isa = PBXFileReference; lastKnownFileType = file.storyboard; name = Base; path = Base.lproj/Main.storyboard; sourceTree = "<group>"; };
		EF1556461FB2A16700ADBEF5 /* Assets.xcassets */ = {isa = PBXFileReference; lastKnownFileType = folder.assetcatalog; path = Assets.xcassets; sourceTree = "<group>"; };
		EF1556491FB2A16700ADBEF5 /* Base */ = {isa = PBXFileReference; lastKnownFileType = file.storyboard; name = Base; path = Base.lproj/LaunchScreen.storyboard; sourceTree = "<group>"; };
		EF15564B1FB2A16700ADBEF5 /* Info.plist */ = {isa = PBXFileReference; lastKnownFileType = text.plist.xml; path = Info.plist; sourceTree = "<group>"; };
		EF1556561FB2A43A00ADBEF5 /* MSLocationTableViewCell.swift */ = {isa = PBXFileReference; lastKnownFileType = sourcecode.swift; path = MSLocationTableViewCell.swift; sourceTree = "<group>"; };
		EF1556571FB2A43A00ADBEF5 /* MSLocationTableViewCell.xib */ = {isa = PBXFileReference; lastKnownFileType = file.xib; path = MSLocationTableViewCell.xib; sourceTree = "<group>"; };
		EF15565A1FB2A46900ADBEF5 /* MSNearbyLocation.swift */ = {isa = PBXFileReference; lastKnownFileType = sourcecode.swift; path = MSNearbyLocation.swift; sourceTree = "<group>"; };
		EF15565C1FB2A48800ADBEF5 /* MSNearbyLocationDataService.swift */ = {isa = PBXFileReference; lastKnownFileType = sourcecode.swift; path = MSNearbyLocationDataService.swift; sourceTree = "<group>"; };
		EF15565E1FB2A4B700ADBEF5 /* CoreLocation.framework */ = {isa = PBXFileReference; lastKnownFileType = wrapper.framework; name = CoreLocation.framework; path = System/Library/Frameworks/CoreLocation.framework; sourceTree = SDKROOT; };
/* End PBXFileReference section */

/* Begin PBXFrameworksBuildPhase section */
		EF1556391FB2A16700ADBEF5 /* Frameworks */ = {
			isa = PBXFrameworksBuildPhase;
			buildActionMask = 2147483647;
			files = (
				EF15565F1FB2A4B700ADBEF5 /* CoreLocation.framework in Frameworks */,
			);
			runOnlyForDeploymentPostprocessing = 0;
		};
/* End PBXFrameworksBuildPhase section */

/* Begin PBXGroup section */
		EF1556331FB2A16700ADBEF5 = {
			isa = PBXGroup;
			children = (
				EF15563E1FB2A16700ADBEF5 /* MSNearByLocation */,
				EF1556551FB2A3EE00ADBEF5 /* Frameworks */,
				EF15563D1FB2A16700ADBEF5 /* Products */,
			);
			sourceTree = "<group>";
		};
		EF15563D1FB2A16700ADBEF5 /* Products */ = {
			isa = PBXGroup;
			children = (
				EF15563C1FB2A16700ADBEF5 /* MSNearByLocation.app */,
			);
			name = Products;
			sourceTree = "<group>";
		};
		EF15563E1FB2A16700ADBEF5 /* MSNearByLocation */ = {
			isa = PBXGroup;
			children = (
				EF15563F1FB2A16700ADBEF5 /* AppDelegate.swift */,
				EF1556511FB2A3C200ADBEF5 /* ViewControllers */,
				EF1556521FB2A3CF00ADBEF5 /* Views */,
				EF1556531FB2A3D800ADBEF5 /* Models */,
				EF1556541FB2A3DD00ADBEF5 /* DataServices */,
				EF1556431FB2A16700ADBEF5 /* Main.storyboard */,
				EF1556461FB2A16700ADBEF5 /* Assets.xcassets */,
				EF1556481FB2A16700ADBEF5 /* LaunchScreen.storyboard */,
				EF15564B1FB2A16700ADBEF5 /* Info.plist */,
			);
			path = MSNearByLocation;
			sourceTree = "<group>";
		};
		EF1556511FB2A3C200ADBEF5 /* ViewControllers */ = {
			isa = PBXGroup;
			children = (
				EF1556411FB2A16700ADBEF5 /* MSLocationViewController.swift */,
			);
			path = ViewControllers;
			sourceTree = "<group>";
		};
		EF1556521FB2A3CF00ADBEF5 /* Views */ = {
			isa = PBXGroup;
			children = (
				EF1556561FB2A43A00ADBEF5 /* MSLocationTableViewCell.swift */,
				EF1556571FB2A43A00ADBEF5 /* MSLocationTableViewCell.xib */,
			);
			path = Views;
			sourceTree = "<group>";
		};
		EF1556531FB2A3D800ADBEF5 /* Models */ = {
			isa = PBXGroup;
			children = (
				EF15565A1FB2A46900ADBEF5 /* MSNearbyLocation.swift */,
			);
			path = Models;
			sourceTree = "<group>";
		};
		EF1556541FB2A3DD00ADBEF5 /* DataServices */ = {
			isa = PBXGroup;
			children = (
				EF15565C1FB2A48800ADBEF5 /* MSNearbyLocationDataService.swift */,
			);
			path = DataServices;
			sourceTree = "<group>";
		};
		EF1556551FB2A3EE00ADBEF5 /* Frameworks */ = {
			isa = PBXGroup;
			children = (
				EF15565E1FB2A4B700ADBEF5 /* CoreLocation.framework */,
			);
			path = Frameworks;
			sourceTree = "<group>";
		};
/* End PBXGroup section */

/* Begin PBXNativeTarget section */
		EF15563B1FB2A16700ADBEF5 /* MSNearByLocation */ = {
			isa = PBXNativeTarget;
			buildConfigurationList = EF15564E1FB2A16700ADBEF5 /* Build configuration list for PBXNativeTarget "MSNearByLocation" */;
			buildPhases = (
				EF1556381FB2A16700ADBEF5 /* Sources */,
				EF1556391FB2A16700ADBEF5 /* Frameworks */,
				EF15563A1FB2A16700ADBEF5 /* Resources */,
			);
			buildRules = (
			);
			dependencies = (
			);
			name = MSNearByLocation;
			productName = MSNearByLocation;
			productReference = EF15563C1FB2A16700ADBEF5 /* MSNearByLocation.app */;
			productType = "com.apple.product-type.application";
		};
/* End PBXNativeTarget section */

/* Begin PBXProject section */
		EF1556341FB2A16700ADBEF5 /* Project object */ = {
			isa = PBXProject;
			attributes = {
				LastSwiftUpdateCheck = 0900;
				LastUpgradeCheck = 0900;
				ORGANIZATIONNAME = "Masud Shuvo";
				TargetAttributes = {
					EF15563B1FB2A16700ADBEF5 = {
						CreatedOnToolsVersion = 9.0;
						ProvisioningStyle = Automatic;
					};
				};
			};
			buildConfigurationList = EF1556371FB2A16700ADBEF5 /* Build configuration list for PBXProject "MSNearByLocation" */;
			compatibilityVersion = "Xcode 8.0";
			developmentRegion = en;
			hasScannedForEncodings = 0;
			knownRegions = (
				en,
				Base,
			);
			mainGroup = EF1556331FB2A16700ADBEF5;
			productRefGroup = EF15563D1FB2A16700ADBEF5 /* Products */;
			projectDirPath = "";
			projectRoot = "";
			targets = (
				EF15563B1FB2A16700ADBEF5 /* MSNearByLocation */,
			);
		};
/* End PBXProject section */

/* Begin PBXResourcesBuildPhase section */
		EF15563A1FB2A16700ADBEF5 /* Resources */ = {
			isa = PBXResourcesBuildPhase;
			buildActionMask = 2147483647;
			files = (
				EF1556591FB2A43A00ADBEF5 /* MSLocationTableViewCell.xib in Resources */,
				EF15564A1FB2A16700ADBEF5 /* LaunchScreen.storyboard in Resources */,
				EF1556471FB2A16700ADBEF5 /* Assets.xcassets in Resources */,
				EF1556451FB2A16700ADBEF5 /* Main.storyboard in Resources */,
			);
			runOnlyForDeploymentPostprocessing = 0;
		};
/* End PBXResourcesBuildPhase section */

/* Begin PBXSourcesBuildPhase section */
		EF1556381FB2A16700ADBEF5 /* Sources */ = {
			isa = PBXSourcesBuildPhase;
			buildActionMask = 2147483647;
			files = (
				EF15565D1FB2A48800ADBEF5 /* MSNearbyLocationDataService.swift in Sources */,
				EF1556581FB2A43A00ADBEF5 /* MSLocationTableViewCell.swift in Sources */,
				EF1556421FB2A16700ADBEF5 /* MSLocationViewController.swift in Sources */,
				EF1556401FB2A16700ADBEF5 /* AppDelegate.swift in Sources */,
				EF15565B1FB2A46900ADBEF5 /* MSNearbyLocation.swift in Sources */,
			);
			runOnlyForDeploymentPostprocessing = 0;
		};
/* End PBXSourcesBuildPhase section */

/* Begin PBXVariantGroup section */
		EF1556431FB2A16700ADBEF5 /* Main.storyboard */ = {
			isa = PBXVariantGroup;
			children = (
				EF1556441FB2A16700ADBEF5 /* Base */,
			);
			name = Main.storyboard;
			sourceTree = "<group>";
		};
		EF1556481FB2A16700ADBEF5 /* LaunchScreen.storyboard */ = {
			isa = PBXVariantGroup;
			children = (
				EF1556491FB2A16700ADBEF5 /* Base */,
			);
			name = LaunchScreen.storyboard;
			sourceTree = "<group>";
		};
/* End PBXVariantGroup section */

/* Begin XCBuildConfiguration section */
		EF15564C1FB2A16700ADBEF5 /* Debug */ = {
			isa = XCBuildConfiguration;
			buildSettings = {
				ALWAYS_SEARCH_USER_PATHS = NO;
				CLANG_ANALYZER_NONNULL = YES;
				CLANG_ANALYZER_NUMBER_OBJECT_CONVERSION = YES_AGGRESSIVE;
				CLANG_CXX_LANGUAGE_STANDARD = "gnu++14";
				CLANG_CXX_LIBRARY = "libc++";
				CLANG_ENABLE_MODULES = YES;
				CLANG_ENABLE_OBJC_ARC = YES;
				CLANG_WARN_BLOCK_CAPTURE_AUTORELEASING = YES;
				CLANG_WARN_BOOL_CONVERSION = YES;
				CLANG_WARN_COMMA = YES;
				CLANG_WARN_CONSTANT_CONVERSION = YES;
				CLANG_WARN_DIRECT_OBJC_ISA_USAGE = YES_ERROR;
				CLANG_WARN_DOCUMENTATION_COMMENTS = YES;
				CLANG_WARN_EMPTY_BODY = YES;
				CLANG_WARN_ENUM_CONVERSION = YES;
				CLANG_WARN_INFINITE_RECURSION = YES;
				CLANG_WARN_INT_CONVERSION = YES;
				CLANG_WARN_NON_LITERAL_NULL_CONVERSION = YES;
				CLANG_WARN_OBJC_LITERAL_CONVERSION = YES;
				CLANG_WARN_OBJC_ROOT_CLASS = YES_ERROR;
				CLANG_WARN_RANGE_LOOP_ANALYSIS = YES;
				CLANG_WARN_STRICT_PROTOTYPES = YES;
				CLANG_WARN_SUSPICIOUS_MOVE = YES;
				CLANG_WARN_UNGUARDED_AVAILABILITY = YES_AGGRESSIVE;
				CLANG_WARN_UNREACHABLE_CODE = YES;
				CLANG_WARN__DUPLICATE_METHOD_MATCH = YES;
				CODE_SIGN_IDENTITY = "iPhone Developer";
				COPY_PHASE_STRIP = NO;
				DEBUG_INFORMATION_FORMAT = dwarf;
				ENABLE_STRICT_OBJC_MSGSEND = YES;
				ENABLE_TESTABILITY = YES;
				GCC_C_LANGUAGE_STANDARD = gnu11;
				GCC_DYNAMIC_NO_PIC = NO;
				GCC_NO_COMMON_BLOCKS = YES;
				GCC_OPTIMIZATION_LEVEL = 0;
				GCC_PREPROCESSOR_DEFINITIONS = (
					"DEBUG=1",
					"$(inherited)",
				);
				GCC_WARN_64_TO_32_BIT_CONVERSION = YES;
				GCC_WARN_ABOUT_RETURN_TYPE = YES_ERROR;
				GCC_WARN_UNDECLARED_SELECTOR = YES;
				GCC_WARN_UNINITIALIZED_AUTOS = YES_AGGRESSIVE;
				GCC_WARN_UNUSED_FUNCTION = YES;
				GCC_WARN_UNUSED_VARIABLE = YES;
				IPHONEOS_DEPLOYMENT_TARGET = 11.0;
				MTL_ENABLE_DEBUG_INFO = YES;
				ONLY_ACTIVE_ARCH = YES;
				SDKROOT = iphoneos;
				SWIFT_ACTIVE_COMPILATION_CONDITIONS = DEBUG;
				SWIFT_OPTIMIZATION_LEVEL = "-Onone";
			};
			name = Debug;
		};
		EF15564D1FB2A16700ADBEF5 /* Release */ = {
			isa = XCBuildConfiguration;
			buildSettings = {
				ALWAYS_SEARCH_USER_PATHS = NO;
				CLANG_ANALYZER_NONNULL = YES;
				CLANG_ANALYZER_NUMBER_OBJECT_CONVERSION = YES_AGGRESSIVE;
				CLANG_CXX_LANGUAGE_STANDARD = "gnu++14";
				CLANG_CXX_LIBRARY = "libc++";
				CLANG_ENABLE_MODULES = YES;
				CLANG_ENABLE_OBJC_ARC = YES;
				CLANG_WARN_BLOCK_CAPTURE_AUTORELEASING = YES;
				CLANG_WARN_BOOL_CONVERSION = YES;
				CLANG_WARN_COMMA = YES;
				CLANG_WARN_CONSTANT_CONVERSION = YES;
				CLANG_WARN_DIRECT_OBJC_ISA_USAGE = YES_ERROR;
				CLANG_WARN_DOCUMENTATION_COMMENTS = YES;
				CLANG_WARN_EMPTY_BODY = YES;
				CLANG_WARN_ENUM_CONVERSION = YES;
				CLANG_WARN_INFINITE_RECURSION = YES;
				CLANG_WARN_INT_CONVERSION = YES;
				CLANG_WARN_NON_LITERAL_NULL_CONVERSION = YES;
				CLANG_WARN_OBJC_LITERAL_CONVERSION = YES;
				CLANG_WARN_OBJC_ROOT_CLASS = YES_ERROR;
				CLANG_WARN_RANGE_LOOP_ANALYSIS = YES;
				CLANG_WARN_STRICT_PROTOTYPES = YES;
				CLANG_WARN_SUSPICIOUS_MOVE = YES;
				CLANG_WARN_UNGUARDED_AVAILABILITY = YES_AGGRESSIVE;
				CLANG_WARN_UNREACHABLE_CODE = YES;
				CLANG_WARN__DUPLICATE_METHOD_MATCH = YES;
				CODE_SIGN_IDENTITY = "iPhone Developer";
				COPY_PHASE_STRIP = NO;
				DEBUG_INFORMATION_FORMAT = "dwarf-with-dsym";
				ENABLE_NS_ASSERTIONS = NO;
				ENABLE_STRICT_OBJC_MSGSEND = YES;
				GCC_C_LANGUAGE_STANDARD = gnu11;
				GCC_NO_COMMON_BLOCKS = YES;
				GCC_WARN_64_TO_32_BIT_CONVERSION = YES;
				GCC_WARN_ABOUT_RETURN_TYPE = YES_ERROR;
				GCC_WARN_UNDECLARED_SELECTOR = YES;
				GCC_WARN_UNINITIALIZED_AUTOS = YES_AGGRESSIVE;
				GCC_WARN_UNUSED_FUNCTION = YES;
				GCC_WARN_UNUSED_VARIABLE = YES;
				IPHONEOS_DEPLOYMENT_TARGET = 11.0;
				MTL_ENABLE_DEBUG_INFO = NO;
				SDKROOT = iphoneos;
				SWIFT_OPTIMIZATION_LEVEL = "-Owholemodule";
				VALIDATE_PRODUCT = YES;
			};
			name = Release;
		};
		EF15564F1FB2A16700ADBEF5 /* Debug */ = {
			isa = XCBuildConfiguration;
			buildSettings = {
				ASSETCATALOG_COMPILER_APPICON_NAME = AppIcon;
				CODE_SIGN_STYLE = Automatic;
				DEVELOPMENT_TEAM = CACL2LE2GL;
				INFOPLIST_FILE = MSNearByLocation/Info.plist;
				IPHONEOS_DEPLOYMENT_TARGET = 9.0;
				LD_RUNPATH_SEARCH_PATHS = "$(inherited) @executable_path/Frameworks";
				PRODUCT_BUNDLE_IDENTIFIER = com.app.slocation;
				PRODUCT_NAME = "$(TARGET_NAME)";
				SWIFT_VERSION = 4.0;
				TARGETED_DEVICE_FAMILY = "1,2";
			};
			name = Debug;
		};
		EF1556501FB2A16700ADBEF5 /* Release */ = {
			isa = XCBuildConfiguration;
			buildSettings = {
				ASSETCATALOG_COMPILER_APPICON_NAME = AppIcon;
				CODE_SIGN_STYLE = Automatic;
				DEVELOPMENT_TEAM = CACL2LE2GL;
				INFOPLIST_FILE = MSNearByLocation/Info.plist;
				IPHONEOS_DEPLOYMENT_TARGET = 9.0;
				LD_RUNPATH_SEARCH_PATHS = "$(inherited) @executable_path/Frameworks";
				PRODUCT_BUNDLE_IDENTIFIER = com.app.slocation;
				PRODUCT_NAME = "$(TARGET_NAME)";
				SWIFT_VERSION = 4.0;
				TARGETED_DEVICE_FAMILY = "1,2";
			};
			name = Release;
		};
/* End XCBuildConfiguration section */

/* Begin XCConfigurationList section */
		EF1556371FB2A16700ADBEF5 /* Build configuration list for PBXProject "MSNearByLocation" */ = {
			isa = XCConfigurationList;
			buildConfigurations = (
				EF15564C1FB2A16700ADBEF5 /* Debug */,
				EF15564D1FB2A16700ADBEF5 /* Release */,
			);
			defaultConfigurationIsVisible = 0;
			defaultConfigurationName = Release;
		};
		EF15564E1FB2A16700ADBEF5 /* Build configuration list for PBXNativeTarget "MSNearByLocation" */ = {
			isa = XCConfigurationList;
			buildConfigurations = (
				EF15564F1FB2A16700ADBEF5 /* Debug */,
				EF1556501FB2A16700ADBEF5 /* Release */,
			);
			defaultConfigurationIsVisible = 0;
			defaultConfigurationName = Release;
		};
/* End XCConfigurationList section */
	};
	rootObject = EF1556341FB2A16700ADBEF5 /* Project object */;
}
